
Microsoft Visual Studio Solution File, Format Version 12.00
# Visual Studio Version 16
VisualStudioVersion = 16.0.32802.440
MinimumVisualStudioVersion = 10.0.40219.1
Project("{8BC9CEB8-8B4A-11D0-8D11-00A0C91BC942}") = "lab03_1", "lab03\lab03.vcxproj", "{179251C8-69DC-4FD8-B91C-A6FA4DA3F19D}"
EndProject
Project("{8BC9CEB8-8B4A-11D0-8D11-00A0C91BC942}") = "lab3_2", "lab3_2\lab3_2.vcxproj", "{A6D67F78-E49C-4C3E-8F8D-C74AE1FBE5B2}"
EndProject
Global
	GlobalSection(SolutionConfigurationPlatforms) = preSolution
		Debug|x64 = Debug|x64
		Debug|x86 = Debug|x86
		Release|x64 = Release|x64
		Release|x86 = Release|x86
	EndGlobalSection
	GlobalSection(ProjectConfigurationPlatforms) = postSolution
		{179251C8-69DC-4FD8-B91C-A6FA4DA3F19D}.Debug|x64.ActiveCfg = Debug|x64
		{179251C8-69DC-4FD8-B91C-A6FA4DA3F19D}.Debug|x64.Build.0 = Debug|x64
		{179251C8-69DC-4FD8-B91C-A6FA4DA3F19D}.Debug|x86.ActiveCfg = Debug|Win32
		{179251C8-69DC-4FD8-B91C-A6FA4DA3F19D}.Debug|x86.Build.0 = Debug|Win32
		{179251C8-69DC-4FD8-B91C-A6FA4DA3F19D}.Release|x64.ActiveCfg = Release|x64
		{179251C8-69DC-4FD8-B91C-A6FA4DA3F19D}.Release|x64.Build.0 = Release|x64
		{179251C8-69DC-4FD8-B91C-A6FA4DA3F19D}.Release|x86.ActiveCfg = Release|Win32
		{179251C8-69DC-4FD8-B91C-A6FA4DA3F19D}.Release|x86.Build.0 = Release|Win32
		{A6D67F78-E49C-4C3E-8F8D-C74AE1FBE5B2}.Debug|x64.ActiveCfg = Debug|x64
		{A6D67F78-E49C-4C3E-8F8D-C74AE1FBE5B2}.Debug|x64.Build.0 = Debug|x64
		{A6D67F78-E49C-4C3E-8F8D-C74AE1FBE5B2}.Debug|x86.ActiveCfg = Debug|Win32
		{A6D67F78-E49C-4C3E-8F8D-C74AE1FBE5B2}.Debug|x86.Build.0 = Debug|Win32
		{A6D67F78-E49C-4C3E-8F8D-C74AE1FBE5B2}.Release|x64.ActiveCfg = Release|x64
		{A6D67F78-E49C-4C3E-8F8D-C74AE1FBE5B2}.Release|x64.Build.0 = Release|x64
		{A6D67F78-E49C-4C3E-8F8D-C74AE1FBE5B2}.Release|x86.ActiveCfg = Release|Win32
		{A6D67F78-E49C-4C3E-8F8D-C74AE1FBE5B2}.Release|x86.Build.0 = Release|Win32
	EndGlobalSection
	GlobalSection(SolutionProperties) = preSolution
		HideSolutionNode = FALSE
	EndGlobalSection
	GlobalSection(ExtensibilityGlobals) = postSolution
		SolutionGuid = {BCBD1C01-0762-4538-BFBE-AC77F0F0B621}
	EndGlobalSection
EndGlobal
